// !$*UTF8*$!
{
	archiveVersion = 1;
	classes = {
	};
	objectVersion = 46;
	objects = {

/* Begin PBXBuildFile section */
		2F0805F81F78CE8800A767FA /* CastingUtil.swift in Sources */ = {isa = PBXBuildFile; fileRef = 2F0805F71F78CE8800A767FA /* CastingUtil.swift */; };
		2F184E181F7C8DD300E930D0 /* AnimalListaController.swift in Sources */ = {isa = PBXBuildFile; fileRef = 2F184E171F7C8DD300E930D0 /* AnimalListaController.swift */; };
		2F184E1A1F7C9A2C00E930D0 /* PickerSexo.swift in Sources */ = {isa = PBXBuildFile; fileRef = 2F184E191F7C9A2C00E930D0 /* PickerSexo.swift */; };
		2F184E201F7C9AC500E930D0 /* EnumSexo.swift in Sources */ = {isa = PBXBuildFile; fileRef = 2F184E1F1F7C9AC500E930D0 /* EnumSexo.swift */; };
		2F326B521F5F5C7000D792B6 /* EnumPorteAnimal.swift in Sources */ = {isa = PBXBuildFile; fileRef = 2F326B511F5F5C7000D792B6 /* EnumPorteAnimal.swift */; };
		2F326B541F5F5C9F00D792B6 /* EnumFaseVida.swift in Sources */ = {isa = PBXBuildFile; fileRef = 2F326B531F5F5C9F00D792B6 /* EnumFaseVida.swift */; };
		2F326B561F5F5DA600D792B6 /* Estado.swift in Sources */ = {isa = PBXBuildFile; fileRef = 2F326B551F5F5DA600D792B6 /* Estado.swift */; };
		2F326B581F5F612600D792B6 /* Cidade.swift in Sources */ = {isa = PBXBuildFile; fileRef = 2F326B571F5F612600D792B6 /* Cidade.swift */; };
		2F326B5A1F5F616C00D792B6 /* Bairro.swift in Sources */ = {isa = PBXBuildFile; fileRef = 2F326B591F5F616C00D792B6 /* Bairro.swift */; };
		2F326B5C1F5F64BE00D792B6 /* Perdido.swift in Sources */ = {isa = PBXBuildFile; fileRef = 2F326B5B1F5F64BE00D792B6 /* Perdido.swift */; };
		2F326B5E1F5F705A00D792B6 /* EnumCor.swift in Sources */ = {isa = PBXBuildFile; fileRef = 2F326B5D1F5F705A00D792B6 /* EnumCor.swift */; };
		2F326B601F5F714500D792B6 /* Racas.swift in Sources */ = {isa = PBXBuildFile; fileRef = 2F326B5F1F5F714500D792B6 /* Racas.swift */; };
		2F42CA511F6734AC00163B44 /* PickerViewTipoAnimal.swift in Sources */ = {isa = PBXBuildFile; fileRef = 2F42CA501F6734AC00163B44 /* PickerViewTipoAnimal.swift */; };
		2F42CA531F674D5C00163B44 /* PickerViewRaca.swift in Sources */ = {isa = PBXBuildFile; fileRef = 2F42CA521F674D5C00163B44 /* PickerViewRaca.swift */; };
		2F42CA591F6880BB00163B44 /* DatePickerData.swift in Sources */ = {isa = PBXBuildFile; fileRef = 2F42CA581F6880BB00163B44 /* DatePickerData.swift */; };
		2F42CA5B1F688DAA00163B44 /* DateUtil.swift in Sources */ = {isa = PBXBuildFile; fileRef = 2F42CA5A1F688DAA00163B44 /* DateUtil.swift */; };
		2F42CA7B1F689F4D00163B44 /* GaleriaUtil.swift in Sources */ = {isa = PBXBuildFile; fileRef = 2F42CA7A1F689F4D00163B44 /* GaleriaUtil.swift */; };
		2F42CABA1F69D26700163B44 /* MenuEdtAnimalController.swift in Sources */ = {isa = PBXBuildFile; fileRef = 2F42CAB91F69D26700163B44 /* MenuEdtAnimalController.swift */; };
		2F42CABC1F69D3D100163B44 /* CellMenuEdtAnimal.swift in Sources */ = {isa = PBXBuildFile; fileRef = 2F42CABB1F69D3D100163B44 /* CellMenuEdtAnimal.swift */; };
		2F42CABE1F69DCA000163B44 /* CellMenuEdAnimal.swift in Sources */ = {isa = PBXBuildFile; fileRef = 2F42CABD1F69DCA000163B44 /* CellMenuEdAnimal.swift */; };
		2F49D1391F7A027F00995B13 /* PickerImageView.swift in Sources */ = {isa = PBXBuildFile; fileRef = 2F49D1381F7A027F00995B13 /* PickerImageView.swift */; };
		2F4B07F81F6A4A9800AEC263 /* EdtAnimalController.swift in Sources */ = {isa = PBXBuildFile; fileRef = 2F4B07F71F6A4A9800AEC263 /* EdtAnimalController.swift */; };
		2F4B07FA1F6AEDBF00AEC263 /* VacinaListaController.swift in Sources */ = {isa = PBXBuildFile; fileRef = 2F4B07F91F6AEDBF00AEC263 /* VacinaListaController.swift */; };
		2F4B07FE1F6AEED800AEC263 /* TratamentoListaController.swift in Sources */ = {isa = PBXBuildFile; fileRef = 2F4B07FD1F6AEED800AEC263 /* TratamentoListaController.swift */; };
		2F4B08001F6AF38000AEC263 /* EdtVacinaController.swift in Sources */ = {isa = PBXBuildFile; fileRef = 2F4B07FF1F6AF38000AEC263 /* EdtVacinaController.swift */; };
		2F4B08021F6AF45A00AEC263 /* Vacina.swift in Sources */ = {isa = PBXBuildFile; fileRef = 2F4B08011F6AF45A00AEC263 /* Vacina.swift */; };
		2F4B08041F6AF56300AEC263 /* EnumVacina.swift in Sources */ = {isa = PBXBuildFile; fileRef = 2F4B08031F6AF56300AEC263 /* EnumVacina.swift */; };
		2F4B08081F6B032C00AEC263 /* Vermifugo.swift in Sources */ = {isa = PBXBuildFile; fileRef = 2F4B08071F6B032C00AEC263 /* Vermifugo.swift */; };
		2F4B080A1F6B07CC00AEC263 /* Tratamento.swift in Sources */ = {isa = PBXBuildFile; fileRef = 2F4B08091F6B07CC00AEC263 /* Tratamento.swift */; };
		2F4B080C1F6B08D500AEC263 /* EnumFrequenciaTratamento.swift in Sources */ = {isa = PBXBuildFile; fileRef = 2F4B080B1F6B08D500AEC263 /* EnumFrequenciaTratamento.swift */; };
		2F4B080E1F6B34AB00AEC263 /* CellVacinaLista.swift in Sources */ = {isa = PBXBuildFile; fileRef = 2F4B080D1F6B34AB00AEC263 /* CellVacinaLista.swift */; };
		2F4B08101F6B47EC00AEC263 /* CellTratamentoLista.swift in Sources */ = {isa = PBXBuildFile; fileRef = 2F4B080F1F6B47EC00AEC263 /* CellTratamentoLista.swift */; };
		2F4B08121F6B4B4D00AEC263 /* EdtTratamentoController.swift in Sources */ = {isa = PBXBuildFile; fileRef = 2F4B08111F6B4B4D00AEC263 /* EdtTratamentoController.swift */; };
		2F4B08141F6B947B00AEC263 /* EnumUtil.swift in Sources */ = {isa = PBXBuildFile; fileRef = 2F4B08131F6B947B00AEC263 /* EnumUtil.swift */; };
		2F4B08161F6D044900AEC263 /* PickerViewVacina.swift in Sources */ = {isa = PBXBuildFile; fileRef = 2F4B08151F6D044900AEC263 /* PickerViewVacina.swift */; };
		2F584CDC1F7AF7EF008B68A3 /* CellAnimalListaController.swift in Sources */ = {isa = PBXBuildFile; fileRef = 2F584CDB1F7AF7EF008B68A3 /* CellAnimalListaController.swift */; };
		2F584CE21F7B2EED008B68A3 /* EdtPerdidoController.swift in Sources */ = {isa = PBXBuildFile; fileRef = 2F584CE11F7B2EED008B68A3 /* EdtPerdidoController.swift */; };
		2F584CE41F7B2F08008B68A3 /* EdtAdocaoController.swift in Sources */ = {isa = PBXBuildFile; fileRef = 2F584CE31F7B2F08008B68A3 /* EdtAdocaoController.swift */; };
		2F584CE61F7B3C4F008B68A3 /* TesteMaps.swift in Sources */ = {isa = PBXBuildFile; fileRef = 2F584CE51F7B3C4F008B68A3 /* TesteMaps.swift */; };
		2F584CE81F7BE782008B68A3 /* PickerPorteAnimal.swift in Sources */ = {isa = PBXBuildFile; fileRef = 2F584CE71F7BE782008B68A3 /* PickerPorteAnimal.swift */; };
		2F584CEA1F7BEA9B008B68A3 /* PickerFaseVida.swift in Sources */ = {isa = PBXBuildFile; fileRef = 2F584CE91F7BEA9B008B68A3 /* PickerFaseVida.swift */; };
		2F584CEC1F7BEC1E008B68A3 /* PickerCor.swift in Sources */ = {isa = PBXBuildFile; fileRef = 2F584CEB1F7BEC1E008B68A3 /* PickerCor.swift */; };
		2F584CEE1F7C1297008B68A3 /* TextFieldSearch.swift in Sources */ = {isa = PBXBuildFile; fileRef = 2F584CED1F7C1297008B68A3 /* TextFieldSearch.swift */; };
		2F584CF01F7C37F8008B68A3 /* TextFieldDateBr.swift in Sources */ = {isa = PBXBuildFile; fileRef = 2F584CEF1F7C37F8008B68A3 /* TextFieldDateBr.swift */; };
		2F6E8CCF1F50C0DB008A9B5F /* Assets.xcassets in Resources */ = {isa = PBXBuildFile; fileRef = 2F6E8CCE1F50C0DB008A9B5F /* Assets.xcassets */; };
		2F6E8CD21F50C0DB008A9B5F /* LaunchScreen.storyboard in Resources */ = {isa = PBXBuildFile; fileRef = 2F6E8CD01F50C0DB008A9B5F /* LaunchScreen.storyboard */; };
		2F6E8CE71F50C361008A9B5F /* UtilParameters.swift in Sources */ = {isa = PBXBuildFile; fileRef = 2F6E8CE21F50C361008A9B5F /* UtilParameters.swift */; };
		2F6E8CE81F50C361008A9B5F /* FacebookUtil.swift in Sources */ = {isa = PBXBuildFile; fileRef = 2F6E8CE31F50C361008A9B5F /* FacebookUtil.swift */; };
		2F6E8CE91F50C361008A9B5F /* UIColorUtil.swift in Sources */ = {isa = PBXBuildFile; fileRef = 2F6E8CE41F50C361008A9B5F /* UIColorUtil.swift */; };
		2F6E8CEA1F50C361008A9B5F /* ParametrosUtil.swift in Sources */ = {isa = PBXBuildFile; fileRef = 2F6E8CE51F50C361008A9B5F /* ParametrosUtil.swift */; };
		2F6E8CEB1F50C361008A9B5F /* ImageUtil.swift in Sources */ = {isa = PBXBuildFile; fileRef = 2F6E8CE61F50C361008A9B5F /* ImageUtil.swift */; };
		2F6E8CEF1F50C371008A9B5F /* EnumTipoUser.swift in Sources */ = {isa = PBXBuildFile; fileRef = 2F6E8CEC1F50C371008A9B5F /* EnumTipoUser.swift */; };
		2F6E8CF01F50C371008A9B5F /* EnumFlTpEstabelecimento.swift in Sources */ = {isa = PBXBuildFile; fileRef = 2F6E8CED1F50C371008A9B5F /* EnumFlTpEstabelecimento.swift */; };
		2F6E8CF11F50C371008A9B5F /* EnumErrosSistema.swift in Sources */ = {isa = PBXBuildFile; fileRef = 2F6E8CEE1F50C371008A9B5F /* EnumErrosSistema.swift */; };
		2F6E8CF51F50C37B008A9B5F /* Usuario.swift in Sources */ = {isa = PBXBuildFile; fileRef = 2F6E8CF21F50C37B008A9B5F /* Usuario.swift */; };
		2F6E8CF61F50C37B008A9B5F /* Entidade.swift in Sources */ = {isa = PBXBuildFile; fileRef = 2F6E8CF31F50C37B008A9B5F /* Entidade.swift */; };
		2F6E8CF71F50C37B008A9B5F /* MapErrorRetornoRest.swift in Sources */ = {isa = PBXBuildFile; fileRef = 2F6E8CF41F50C37B008A9B5F /* MapErrorRetornoRest.swift */; };
		2F6E8CFA1F50C389008A9B5F /* CallBackRest.swift in Sources */ = {isa = PBXBuildFile; fileRef = 2F6E8CF81F50C389008A9B5F /* CallBackRest.swift */; };
		2F6E8CFB1F50C389008A9B5F /* CallRest.swift in Sources */ = {isa = PBXBuildFile; fileRef = 2F6E8CF91F50C389008A9B5F /* CallRest.swift */; };
		2F6E8CFD1F50C3AC008A9B5F /* Main.storyboard in Resources */ = {isa = PBXBuildFile; fileRef = 2F6E8CFC1F50C3AC008A9B5F /* Main.storyboard */; };
		2F6E8D031F50C3F2008A9B5F /* ViewController.swift in Sources */ = {isa = PBXBuildFile; fileRef = 2F6E8CFE1F50C3F2008A9B5F /* ViewController.swift */; };
		2F6E8D041F50C3F2008A9B5F /* AppDelegate.swift in Sources */ = {isa = PBXBuildFile; fileRef = 2F6E8CFF1F50C3F2008A9B5F /* AppDelegate.swift */; };
		2F6E8D051F50C3F2008A9B5F /* HomeController.swift in Sources */ = {isa = PBXBuildFile; fileRef = 2F6E8D001F50C3F2008A9B5F /* HomeController.swift */; };
		2F6E8D061F50C3F2008A9B5F /* CustomTabBarController.swift in Sources */ = {isa = PBXBuildFile; fileRef = 2F6E8D011F50C3F2008A9B5F /* CustomTabBarController.swift */; };
		2F6E8D071F50C3F2008A9B5F /* MenuController.swift in Sources */ = {isa = PBXBuildFile; fileRef = 2F6E8D021F50C3F2008A9B5F /* MenuController.swift */; };
		2F6E8D0C1F548015008A9B5F /* FBSDKCoreKit.framework in Frameworks */ = {isa = PBXBuildFile; fileRef = 2F6E8D091F548015008A9B5F /* FBSDKCoreKit.framework */; };
		2F6E8D0D1F548015008A9B5F /* FBSDKLoginKit.framework in Frameworks */ = {isa = PBXBuildFile; fileRef = 2F6E8D0A1F548015008A9B5F /* FBSDKLoginKit.framework */; };
		2F6E8D0E1F548015008A9B5F /* FBSDKShareKit.framework in Frameworks */ = {isa = PBXBuildFile; fileRef = 2F6E8D0B1F548015008A9B5F /* FBSDKShareKit.framework */; };
		2F6E8D101F548062008A9B5F /* SwiftyJSON.framework in Frameworks */ = {isa = PBXBuildFile; fileRef = 2F6E8D0F1F548062008A9B5F /* SwiftyJSON.framework */; };
		2F6E8D121F54814E008A9B5F /* FacebookCore.framework in Frameworks */ = {isa = PBXBuildFile; fileRef = 2F6E8D111F54814E008A9B5F /* FacebookCore.framework */; };
		2F6E8D141F548157008A9B5F /* FacebookLogin.framework in Frameworks */ = {isa = PBXBuildFile; fileRef = 2F6E8D131F548157008A9B5F /* FacebookLogin.framework */; };
		2F6E8D1C1F56099A008A9B5F /* MenuBar.swift in Sources */ = {isa = PBXBuildFile; fileRef = 2F6E8D1B1F56099A008A9B5F /* MenuBar.swift */; };
		2F6E8D1E1F560A15008A9B5F /* Animal.swift in Sources */ = {isa = PBXBuildFile; fileRef = 2F6E8D1D1F560A15008A9B5F /* Animal.swift */; };
		2F6E8D201F560C9B008A9B5F /* EnumFrequenciaVermifugacao.swift in Sources */ = {isa = PBXBuildFile; fileRef = 2F6E8D1F1F560C9B008A9B5F /* EnumFrequenciaVermifugacao.swift */; };
		2F6E8D221F560D43008A9B5F /* EnumTipoAnimal.swift in Sources */ = {isa = PBXBuildFile; fileRef = 2F6E8D211F560D43008A9B5F /* EnumTipoAnimal.swift */; };
		2F75856A1F707E9A0047AEF8 /* Tutor.swift in Sources */ = {isa = PBXBuildFile; fileRef = 2F7585691F707E9A0047AEF8 /* Tutor.swift */; };
		2F75856C1F70E91C0047AEF8 /* PickerFrequenciaTratamento.swift in Sources */ = {isa = PBXBuildFile; fileRef = 2F75856B1F70E91C0047AEF8 /* PickerFrequenciaTratamento.swift */; };
		2F7585711F7378EA0047AEF8 /* EnumError.swift in Sources */ = {isa = PBXBuildFile; fileRef = 2F7585701F7378E90047AEF8 /* EnumError.swift */; };
		2F7585731F7387CB0047AEF8 /* ComponentsUtil.swift in Sources */ = {isa = PBXBuildFile; fileRef = 2F7585721F7387CB0047AEF8 /* ComponentsUtil.swift */; };
		2F7585751F744AC30047AEF8 /* PickerFrequenciaVermifugacao.swift in Sources */ = {isa = PBXBuildFile; fileRef = 2F7585741F744AC30047AEF8 /* PickerFrequenciaVermifugacao.swift */; };
		2F7585771F744C140047AEF8 /* EdtVermifugoController.swift in Sources */ = {isa = PBXBuildFile; fileRef = 2F7585761F744C140047AEF8 /* EdtVermifugoController.swift */; };
		2F7585791F76250E0047AEF8 /* TableViewVacina.swift in Sources */ = {isa = PBXBuildFile; fileRef = 2F7585781F76250E0047AEF8 /* TableViewVacina.swift */; };
		2F75857B1F7736270047AEF8 /* ActivityIndicadorViewPet.swift in Sources */ = {isa = PBXBuildFile; fileRef = 2F75857A1F7736270047AEF8 /* ActivityIndicadorViewPet.swift */; };
		2F75857D1F7773090047AEF8 /* JsonUtil.swift in Sources */ = {isa = PBXBuildFile; fileRef = 2F75857C1F7773090047AEF8 /* JsonUtil.swift */; };
		2F75857F1F7871E60047AEF8 /* ValidationUtil.swift in Sources */ = {isa = PBXBuildFile; fileRef = 2F75857E1F7871E60047AEF8 /* ValidationUtil.swift */; };
		2F7DE4DD1F5DF4C9007829FD /* Adocao.swift in Sources */ = {isa = PBXBuildFile; fileRef = 2F7DE4DC1F5DF4C9007829FD /* Adocao.swift */; };
		2F820EB71F59BEBE004EEC63 /* CellAnimalLista.swift in Sources */ = {isa = PBXBuildFile; fileRef = 2F820EB61F59BEBE004EEC63 /* CellAnimalLista.swift */; };
		C7D345A64FDB94AA45C87C65 /* Pods_Petshow_swift.framework in Frameworks */ = {isa = PBXBuildFile; fileRef = 1CB16C9AE6972C0EDEC89C3E /* Pods_Petshow_swift.framework */; };
/* End PBXBuildFile section */

/* Begin PBXFileReference section */
		00A19EAED29F0317BDD950C9 /* Pods-Petshow_swift.debug.xcconfig */ = {isa = PBXFileReference; includeInIndex = 1; lastKnownFileType = text.xcconfig; name = "Pods-Petshow_swift.debug.xcconfig"; path = "Pods/Target Support Files/Pods-Petshow_swift/Pods-Petshow_swift.debug.xcconfig"; sourceTree = "<group>"; };
		1CB16C9AE6972C0EDEC89C3E /* Pods_Petshow_swift.framework */ = {isa = PBXFileReference; explicitFileType = wrapper.framework; includeInIndex = 0; path = Pods_Petshow_swift.framework; sourceTree = BUILT_PRODUCTS_DIR; };
		2F0805F71F78CE8800A767FA /* CastingUtil.swift */ = {isa = PBXFileReference; fileEncoding = 4; lastKnownFileType = sourcecode.swift; path = CastingUtil.swift; sourceTree = "<group>"; };
		2F184E171F7C8DD300E930D0 /* AnimalListaController.swift */ = {isa = PBXFileReference; fileEncoding = 4; lastKnownFileType = sourcecode.swift; path = AnimalListaController.swift; sourceTree = "<group>"; };
		2F184E191F7C9A2C00E930D0 /* PickerSexo.swift */ = {isa = PBXFileReference; fileEncoding = 4; lastKnownFileType = sourcecode.swift; path = PickerSexo.swift; sourceTree = "<group>"; };
		2F184E1F1F7C9AC500E930D0 /* EnumSexo.swift */ = {isa = PBXFileReference; fileEncoding = 4; lastKnownFileType = sourcecode.swift; path = EnumSexo.swift; sourceTree = "<group>"; };
		2F326B511F5F5C7000D792B6 /* EnumPorteAnimal.swift */ = {isa = PBXFileReference; fileEncoding = 4; lastKnownFileType = sourcecode.swift; path = EnumPorteAnimal.swift; sourceTree = "<group>"; };
		2F326B531F5F5C9F00D792B6 /* EnumFaseVida.swift */ = {isa = PBXFileReference; fileEncoding = 4; lastKnownFileType = sourcecode.swift; path = EnumFaseVida.swift; sourceTree = "<group>"; };
		2F326B551F5F5DA600D792B6 /* Estado.swift */ = {isa = PBXFileReference; fileEncoding = 4; lastKnownFileType = sourcecode.swift; path = Estado.swift; sourceTree = "<group>"; };
		2F326B571F5F612600D792B6 /* Cidade.swift */ = {isa = PBXFileReference; fileEncoding = 4; lastKnownFileType = sourcecode.swift; path = Cidade.swift; sourceTree = "<group>"; };
		2F326B591F5F616C00D792B6 /* Bairro.swift */ = {isa = PBXFileReference; fileEncoding = 4; lastKnownFileType = sourcecode.swift; path = Bairro.swift; sourceTree = "<group>"; };
		2F326B5B1F5F64BE00D792B6 /* Perdido.swift */ = {isa = PBXFileReference; fileEncoding = 4; lastKnownFileType = sourcecode.swift; path = Perdido.swift; sourceTree = "<group>"; };
		2F326B5D1F5F705A00D792B6 /* EnumCor.swift */ = {isa = PBXFileReference; fileEncoding = 4; lastKnownFileType = sourcecode.swift; path = EnumCor.swift; sourceTree = "<group>"; };
		2F326B5F1F5F714500D792B6 /* Racas.swift */ = {isa = PBXFileReference; fileEncoding = 4; lastKnownFileType = sourcecode.swift; path = Racas.swift; sourceTree = "<group>"; };
		2F42CA501F6734AC00163B44 /* PickerViewTipoAnimal.swift */ = {isa = PBXFileReference; fileEncoding = 4; lastKnownFileType = sourcecode.swift; path = PickerViewTipoAnimal.swift; sourceTree = "<group>"; };
		2F42CA521F674D5C00163B44 /* PickerViewRaca.swift */ = {isa = PBXFileReference; fileEncoding = 4; lastKnownFileType = sourcecode.swift; path = PickerViewRaca.swift; sourceTree = "<group>"; };
		2F42CA581F6880BB00163B44 /* DatePickerData.swift */ = {isa = PBXFileReference; fileEncoding = 4; lastKnownFileType = sourcecode.swift; path = DatePickerData.swift; sourceTree = "<group>"; };
		2F42CA5A1F688DAA00163B44 /* DateUtil.swift */ = {isa = PBXFileReference; fileEncoding = 4; lastKnownFileType = sourcecode.swift; path = DateUtil.swift; sourceTree = "<group>"; };
		2F42CA7A1F689F4D00163B44 /* GaleriaUtil.swift */ = {isa = PBXFileReference; fileEncoding = 4; lastKnownFileType = sourcecode.swift; path = GaleriaUtil.swift; sourceTree = "<group>"; };
		2F42CAB91F69D26700163B44 /* MenuEdtAnimalController.swift */ = {isa = PBXFileReference; fileEncoding = 4; lastKnownFileType = sourcecode.swift; path = MenuEdtAnimalController.swift; sourceTree = "<group>"; };
		2F42CABB1F69D3D100163B44 /* CellMenuEdtAnimal.swift */ = {isa = PBXFileReference; fileEncoding = 4; lastKnownFileType = sourcecode.swift; path = CellMenuEdtAnimal.swift; sourceTree = "<group>"; };
		2F42CABD1F69DCA000163B44 /* CellMenuEdAnimal.swift */ = {isa = PBXFileReference; fileEncoding = 4; lastKnownFileType = sourcecode.swift; path = CellMenuEdAnimal.swift; sourceTree = "<group>"; };
		2F49D1381F7A027F00995B13 /* PickerImageView.swift */ = {isa = PBXFileReference; fileEncoding = 4; lastKnownFileType = sourcecode.swift; path = PickerImageView.swift; sourceTree = "<group>"; };
		2F4B07F71F6A4A9800AEC263 /* EdtAnimalController.swift */ = {isa = PBXFileReference; fileEncoding = 4; lastKnownFileType = sourcecode.swift; path = EdtAnimalController.swift; sourceTree = "<group>"; };
		2F4B07F91F6AEDBF00AEC263 /* VacinaListaController.swift */ = {isa = PBXFileReference; fileEncoding = 4; lastKnownFileType = sourcecode.swift; path = VacinaListaController.swift; sourceTree = "<group>"; };
		2F4B07FD1F6AEED800AEC263 /* TratamentoListaController.swift */ = {isa = PBXFileReference; fileEncoding = 4; lastKnownFileType = sourcecode.swift; path = TratamentoListaController.swift; sourceTree = "<group>"; };
		2F4B07FF1F6AF38000AEC263 /* EdtVacinaController.swift */ = {isa = PBXFileReference; fileEncoding = 4; lastKnownFileType = sourcecode.swift; path = EdtVacinaController.swift; sourceTree = "<group>"; };
		2F4B08011F6AF45A00AEC263 /* Vacina.swift */ = {isa = PBXFileReference; fileEncoding = 4; lastKnownFileType = sourcecode.swift; path = Vacina.swift; sourceTree = "<group>"; };
		2F4B08031F6AF56300AEC263 /* EnumVacina.swift */ = {isa = PBXFileReference; fileEncoding = 4; lastKnownFileType = sourcecode.swift; path = EnumVacina.swift; sourceTree = "<group>"; };
		2F4B08071F6B032C00AEC263 /* Vermifugo.swift */ = {isa = PBXFileReference; fileEncoding = 4; lastKnownFileType = sourcecode.swift; path = Vermifugo.swift; sourceTree = "<group>"; };
		2F4B08091F6B07CC00AEC263 /* Tratamento.swift */ = {isa = PBXFileReference; fileEncoding = 4; lastKnownFileType = sourcecode.swift; path = Tratamento.swift; sourceTree = "<group>"; };
		2F4B080B1F6B08D500AEC263 /* EnumFrequenciaTratamento.swift */ = {isa = PBXFileReference; fileEncoding = 4; lastKnownFileType = sourcecode.swift; path = EnumFrequenciaTratamento.swift; sourceTree = "<group>"; };
		2F4B080D1F6B34AB00AEC263 /* CellVacinaLista.swift */ = {isa = PBXFileReference; fileEncoding = 4; lastKnownFileType = sourcecode.swift; path = CellVacinaLista.swift; sourceTree = "<group>"; };
		2F4B080F1F6B47EC00AEC263 /* CellTratamentoLista.swift */ = {isa = PBXFileReference; fileEncoding = 4; lastKnownFileType = sourcecode.swift; path = CellTratamentoLista.swift; sourceTree = "<group>"; };
		2F4B08111F6B4B4D00AEC263 /* EdtTratamentoController.swift */ = {isa = PBXFileReference; fileEncoding = 4; lastKnownFileType = sourcecode.swift; path = EdtTratamentoController.swift; sourceTree = "<group>"; };
		2F4B08131F6B947B00AEC263 /* EnumUtil.swift */ = {isa = PBXFileReference; fileEncoding = 4; lastKnownFileType = sourcecode.swift; path = EnumUtil.swift; sourceTree = "<group>"; };
		2F4B08151F6D044900AEC263 /* PickerViewVacina.swift */ = {isa = PBXFileReference; fileEncoding = 4; lastKnownFileType = sourcecode.swift; path = PickerViewVacina.swift; sourceTree = "<group>"; };
		2F584CDB1F7AF7EF008B68A3 /* CellAnimalListaController.swift */ = {isa = PBXFileReference; fileEncoding = 4; lastKnownFileType = sourcecode.swift; path = CellAnimalListaController.swift; sourceTree = "<group>"; };
		2F584CE11F7B2EED008B68A3 /* EdtPerdidoController.swift */ = {isa = PBXFileReference; fileEncoding = 4; lastKnownFileType = sourcecode.swift; path = EdtPerdidoController.swift; sourceTree = "<group>"; };
		2F584CE31F7B2F08008B68A3 /* EdtAdocaoController.swift */ = {isa = PBXFileReference; fileEncoding = 4; lastKnownFileType = sourcecode.swift; path = EdtAdocaoController.swift; sourceTree = "<group>"; };
		2F584CE51F7B3C4F008B68A3 /* TesteMaps.swift */ = {isa = PBXFileReference; fileEncoding = 4; lastKnownFileType = sourcecode.swift; path = TesteMaps.swift; sourceTree = "<group>"; };
		2F584CE71F7BE782008B68A3 /* PickerPorteAnimal.swift */ = {isa = PBXFileReference; fileEncoding = 4; lastKnownFileType = sourcecode.swift; path = PickerPorteAnimal.swift; sourceTree = "<group>"; };
		2F584CE91F7BEA9B008B68A3 /* PickerFaseVida.swift */ = {isa = PBXFileReference; fileEncoding = 4; lastKnownFileType = sourcecode.swift; path = PickerFaseVida.swift; sourceTree = "<group>"; };
		2F584CEB1F7BEC1E008B68A3 /* PickerCor.swift */ = {isa = PBXFileReference; fileEncoding = 4; lastKnownFileType = sourcecode.swift; path = PickerCor.swift; sourceTree = "<group>"; };
		2F584CED1F7C1297008B68A3 /* TextFieldSearch.swift */ = {isa = PBXFileReference; fileEncoding = 4; lastKnownFileType = sourcecode.swift; path = TextFieldSearch.swift; sourceTree = "<group>"; };
		2F584CEF1F7C37F8008B68A3 /* TextFieldDateBr.swift */ = {isa = PBXFileReference; fileEncoding = 4; lastKnownFileType = sourcecode.swift; path = TextFieldDateBr.swift; sourceTree = "<group>"; };
		2F6E8CC41F50C0DB008A9B5F /* Petshow_swift.app */ = {isa = PBXFileReference; explicitFileType = wrapper.application; includeInIndex = 0; path = Petshow_swift.app; sourceTree = BUILT_PRODUCTS_DIR; };
		2F6E8CCE1F50C0DB008A9B5F /* Assets.xcassets */ = {isa = PBXFileReference; lastKnownFileType = folder.assetcatalog; path = Assets.xcassets; sourceTree = "<group>"; };
		2F6E8CD11F50C0DB008A9B5F /* Base */ = {isa = PBXFileReference; lastKnownFileType = file.storyboard; name = Base; path = Base.lproj/LaunchScreen.storyboard; sourceTree = "<group>"; };
		2F6E8CD31F50C0DB008A9B5F /* Info.plist */ = {isa = PBXFileReference; lastKnownFileType = text.plist.xml; path = Info.plist; sourceTree = "<group>"; };
		2F6E8CE21F50C361008A9B5F /* UtilParameters.swift */ = {isa = PBXFileReference; fileEncoding = 4; lastKnownFileType = sourcecode.swift; path = UtilParameters.swift; sourceTree = "<group>"; };
		2F6E8CE31F50C361008A9B5F /* FacebookUtil.swift */ = {isa = PBXFileReference; fileEncoding = 4; lastKnownFileType = sourcecode.swift; path = FacebookUtil.swift; sourceTree = "<group>"; };
		2F6E8CE41F50C361008A9B5F /* UIColorUtil.swift */ = {isa = PBXFileReference; fileEncoding = 4; lastKnownFileType = sourcecode.swift; path = UIColorUtil.swift; sourceTree = "<group>"; };
		2F6E8CE51F50C361008A9B5F /* ParametrosUtil.swift */ = {isa = PBXFileReference; fileEncoding = 4; lastKnownFileType = sourcecode.swift; path = ParametrosUtil.swift; sourceTree = "<group>"; };
		2F6E8CE61F50C361008A9B5F /* ImageUtil.swift */ = {isa = PBXFileReference; fileEncoding = 4; lastKnownFileType = sourcecode.swift; path = ImageUtil.swift; sourceTree = "<group>"; };
		2F6E8CEC1F50C371008A9B5F /* EnumTipoUser.swift */ = {isa = PBXFileReference; fileEncoding = 4; lastKnownFileType = sourcecode.swift; path = EnumTipoUser.swift; sourceTree = "<group>"; };
		2F6E8CED1F50C371008A9B5F /* EnumFlTpEstabelecimento.swift */ = {isa = PBXFileReference; fileEncoding = 4; lastKnownFileType = sourcecode.swift; path = EnumFlTpEstabelecimento.swift; sourceTree = "<group>"; };
		2F6E8CEE1F50C371008A9B5F /* EnumErrosSistema.swift */ = {isa = PBXFileReference; fileEncoding = 4; lastKnownFileType = sourcecode.swift; path = EnumErrosSistema.swift; sourceTree = "<group>"; };
		2F6E8CF21F50C37B008A9B5F /* Usuario.swift */ = {isa = PBXFileReference; fileEncoding = 4; lastKnownFileType = sourcecode.swift; path = Usuario.swift; sourceTree = "<group>"; };
		2F6E8CF31F50C37B008A9B5F /* Entidade.swift */ = {isa = PBXFileReference; fileEncoding = 4; lastKnownFileType = sourcecode.swift; path = Entidade.swift; sourceTree = "<group>"; };
		2F6E8CF41F50C37B008A9B5F /* MapErrorRetornoRest.swift */ = {isa = PBXFileReference; fileEncoding = 4; lastKnownFileType = sourcecode.swift; path = MapErrorRetornoRest.swift; sourceTree = "<group>"; };
		2F6E8CF81F50C389008A9B5F /* CallBackRest.swift */ = {isa = PBXFileReference; fileEncoding = 4; lastKnownFileType = sourcecode.swift; path = CallBackRest.swift; sourceTree = "<group>"; };
		2F6E8CF91F50C389008A9B5F /* CallRest.swift */ = {isa = PBXFileReference; fileEncoding = 4; lastKnownFileType = sourcecode.swift; path = CallRest.swift; sourceTree = "<group>"; };
		2F6E8CFC1F50C3AC008A9B5F /* Main.storyboard */ = {isa = PBXFileReference; fileEncoding = 4; lastKnownFileType = file.storyboard; path = Main.storyboard; sourceTree = "<group>"; };
		2F6E8CFE1F50C3F2008A9B5F /* ViewController.swift */ = {isa = PBXFileReference; fileEncoding = 4; lastKnownFileType = sourcecode.swift; path = ViewController.swift; sourceTree = "<group>"; };
		2F6E8CFF1F50C3F2008A9B5F /* AppDelegate.swift */ = {isa = PBXFileReference; fileEncoding = 4; lastKnownFileType = sourcecode.swift; path = AppDelegate.swift; sourceTree = "<group>"; };
		2F6E8D001F50C3F2008A9B5F /* HomeController.swift */ = {isa = PBXFileReference; fileEncoding = 4; lastKnownFileType = sourcecode.swift; path = HomeController.swift; sourceTree = "<group>"; };
		2F6E8D011F50C3F2008A9B5F /* CustomTabBarController.swift */ = {isa = PBXFileReference; fileEncoding = 4; lastKnownFileType = sourcecode.swift; path = CustomTabBarController.swift; sourceTree = "<group>"; };
		2F6E8D021F50C3F2008A9B5F /* MenuController.swift */ = {isa = PBXFileReference; fileEncoding = 4; lastKnownFileType = sourcecode.swift; path = MenuController.swift; sourceTree = "<group>"; };
		2F6E8D091F548015008A9B5F /* FBSDKCoreKit.framework */ = {isa = PBXFileReference; lastKnownFileType = wrapper.framework; name = FBSDKCoreKit.framework; path = "../../../../Downloads/FacebookSDKs-iOS-4/FBSDKCoreKit.framework"; sourceTree = "<group>"; };
		2F6E8D0A1F548015008A9B5F /* FBSDKLoginKit.framework */ = {isa = PBXFileReference; lastKnownFileType = wrapper.framework; name = FBSDKLoginKit.framework; path = "../../../../Downloads/FacebookSDKs-iOS-4/FBSDKLoginKit.framework"; sourceTree = "<group>"; };
		2F6E8D0B1F548015008A9B5F /* FBSDKShareKit.framework */ = {isa = PBXFileReference; lastKnownFileType = wrapper.framework; name = FBSDKShareKit.framework; path = "../../../../Downloads/FacebookSDKs-iOS-4/FBSDKShareKit.framework"; sourceTree = "<group>"; };
		2F6E8D0F1F548062008A9B5F /* SwiftyJSON.framework */ = {isa = PBXFileReference; lastKnownFileType = wrapper.framework; name = SwiftyJSON.framework; path = "../../../../Library/Developer/Xcode/DerivedData/Petshow-bjjpfosofqwpqzdzzxpsuirgwlih/Build/Products/Debug-iphonesimulator/SwiftyJSON/SwiftyJSON.framework"; sourceTree = "<group>"; };
		2F6E8D111F54814E008A9B5F /* FacebookCore.framework */ = {isa = PBXFileReference; lastKnownFileType = wrapper.framework; name = FacebookCore.framework; path = "../../../../Library/Developer/Xcode/DerivedData/Petshow-bjjpfosofqwpqzdzzxpsuirgwlih/Build/Products/Debug-iphonesimulator/FacebookCore/FacebookCore.framework"; sourceTree = "<group>"; };
		2F6E8D131F548157008A9B5F /* FacebookLogin.framework */ = {isa = PBXFileReference; lastKnownFileType = wrapper.framework; name = FacebookLogin.framework; path = "../../../../Library/Developer/Xcode/DerivedData/Petshow-bjjpfosofqwpqzdzzxpsuirgwlih/Build/Products/Debug-iphonesimulator/FacebookLogin/FacebookLogin.framework"; sourceTree = "<group>"; };
		2F6E8D1B1F56099A008A9B5F /* MenuBar.swift */ = {isa = PBXFileReference; fileEncoding = 4; lastKnownFileType = sourcecode.swift; path = MenuBar.swift; sourceTree = "<group>"; };
		2F6E8D1D1F560A15008A9B5F /* Animal.swift */ = {isa = PBXFileReference; fileEncoding = 4; lastKnownFileType = sourcecode.swift; path = Animal.swift; sourceTree = "<group>"; };
		2F6E8D1F1F560C9B008A9B5F /* EnumFrequenciaVermifugacao.swift */ = {isa = PBXFileReference; fileEncoding = 4; lastKnownFileType = sourcecode.swift; path = EnumFrequenciaVermifugacao.swift; sourceTree = "<group>"; };
		2F6E8D211F560D43008A9B5F /* EnumTipoAnimal.swift */ = {isa = PBXFileReference; fileEncoding = 4; lastKnownFileType = sourcecode.swift; path = EnumTipoAnimal.swift; sourceTree = "<group>"; };
		2F7585691F707E9A0047AEF8 /* Tutor.swift */ = {isa = PBXFileReference; fileEncoding = 4; lastKnownFileType = sourcecode.swift; path = Tutor.swift; sourceTree = "<group>"; };
		2F75856B1F70E91C0047AEF8 /* PickerFrequenciaTratamento.swift */ = {isa = PBXFileReference; fileEncoding = 4; lastKnownFileType = sourcecode.swift; path = PickerFrequenciaTratamento.swift; sourceTree = "<group>"; };
		2F7585701F7378E90047AEF8 /* EnumError.swift */ = {isa = PBXFileReference; fileEncoding = 4; lastKnownFileType = sourcecode.swift; path = EnumError.swift; sourceTree = "<group>"; };
		2F7585721F7387CB0047AEF8 /* ComponentsUtil.swift */ = {isa = PBXFileReference; fileEncoding = 4; lastKnownFileType = sourcecode.swift; path = ComponentsUtil.swift; sourceTree = "<group>"; };
		2F7585741F744AC30047AEF8 /* PickerFrequenciaVermifugacao.swift */ = {isa = PBXFileReference; fileEncoding = 4; lastKnownFileType = sourcecode.swift; path = PickerFrequenciaVermifugacao.swift; sourceTree = "<group>"; };
		2F7585761F744C140047AEF8 /* EdtVermifugoController.swift */ = {isa = PBXFileReference; fileEncoding = 4; lastKnownFileType = sourcecode.swift; path = EdtVermifugoController.swift; sourceTree = "<group>"; };
		2F7585781F76250E0047AEF8 /* TableViewVacina.swift */ = {isa = PBXFileReference; fileEncoding = 4; lastKnownFileType = sourcecode.swift; path = TableViewVacina.swift; sourceTree = "<group>"; };
		2F75857A1F7736270047AEF8 /* ActivityIndicadorViewPet.swift */ = {isa = PBXFileReference; fileEncoding = 4; lastKnownFileType = sourcecode.swift; path = ActivityIndicadorViewPet.swift; sourceTree = "<group>"; };
		2F75857C1F7773090047AEF8 /* JsonUtil.swift */ = {isa = PBXFileReference; fileEncoding = 4; lastKnownFileType = sourcecode.swift; path = JsonUtil.swift; sourceTree = "<group>"; };
		2F75857E1F7871E60047AEF8 /* ValidationUtil.swift */ = {isa = PBXFileReference; fileEncoding = 4; lastKnownFileType = sourcecode.swift; path = ValidationUtil.swift; sourceTree = "<group>"; };
		2F7DE4DC1F5DF4C9007829FD /* Adocao.swift */ = {isa = PBXFileReference; fileEncoding = 4; lastKnownFileType = sourcecode.swift; path = Adocao.swift; sourceTree = "<group>"; };
		2F820EB61F59BEBE004EEC63 /* CellAnimalLista.swift */ = {isa = PBXFileReference; fileEncoding = 4; lastKnownFileType = sourcecode.swift; path = CellAnimalLista.swift; sourceTree = "<group>"; };
		CB1AE71A82C3BD02FFE0DFE5 /* Pods-Petshow_swift.release.xcconfig */ = {isa = PBXFileReference; includeInIndex = 1; lastKnownFileType = text.xcconfig; name = "Pods-Petshow_swift.release.xcconfig"; path = "Pods/Target Support Files/Pods-Petshow_swift/Pods-Petshow_swift.release.xcconfig"; sourceTree = "<group>"; };
/* End PBXFileReference section */

/* Begin PBXFrameworksBuildPhase section */
		2F6E8CC11F50C0DB008A9B5F /* Frameworks */ = {
			isa = PBXFrameworksBuildPhase;
			buildActionMask = 2147483647;
			files = (
				2F6E8D121F54814E008A9B5F /* FacebookCore.framework in Frameworks */,
				2F6E8D141F548157008A9B5F /* FacebookLogin.framework in Frameworks */,
				2F6E8D101F548062008A9B5F /* SwiftyJSON.framework in Frameworks */,
				2F6E8D0C1F548015008A9B5F /* FBSDKCoreKit.framework in Frameworks */,
				2F6E8D0D1F548015008A9B5F /* FBSDKLoginKit.framework in Frameworks */,
				2F6E8D0E1F548015008A9B5F /* FBSDKShareKit.framework in Frameworks */,
				C7D345A64FDB94AA45C87C65 /* Pods_Petshow_swift.framework in Frameworks */,
			);
			runOnlyForDeploymentPostprocessing = 0;
		};
/* End PBXFrameworksBuildPhase section */

/* Begin PBXGroup section */
		2F184E1E1F7C9AB200E930D0 /* auxiliar */ = {
			isa = PBXGroup;
			children = (
				2F184E1F1F7C9AC500E930D0 /* EnumSexo.swift */,
			);
			name = auxiliar;
			sourceTree = "<group>";
		};
		2F42CAB81F69D25000163B44 /* menu */ = {
			isa = PBXGroup;
			children = (
				2F42CAB91F69D26700163B44 /* MenuEdtAnimalController.swift */,
			);
			name = menu;
			sourceTree = "<group>";
		};
		2F6E8CBB1F50C0DB008A9B5F = {
			isa = PBXGroup;
			children = (
				2F6E8CC61F50C0DB008A9B5F /* Petshow_swift */,
				2F6E8CC51F50C0DB008A9B5F /* Products */,
				2F6E8D081F548015008A9B5F /* Frameworks */,
				64D4C55E06EA07DE7E992172 /* Pods */,
			);
			sourceTree = "<group>";
		};
		2F6E8CC51F50C0DB008A9B5F /* Products */ = {
			isa = PBXGroup;
			children = (
				2F6E8CC41F50C0DB008A9B5F /* Petshow_swift.app */,
			);
			name = Products;
			sourceTree = "<group>";
		};
		2F6E8CC61F50C0DB008A9B5F /* Petshow_swift */ = {
			isa = PBXGroup;
			children = (
				2F820EB81F59C6FA004EEC63 /* Controller */,
				2F820EB51F59BEA3004EEC63 /* view.cell */,
				2F6E8CE11F50C343008A9B5F /* rest */,
				2F6E8CE01F50C33E008A9B5F /* model */,
				2F6E8CDF1F50C338008A9B5F /* enum */,
				2F6E8CDE1F50C330008A9B5F /* util */,
				2F6E8CD91F50C2C7008A9B5F /* view.components */,
				2F6E8CFC1F50C3AC008A9B5F /* Main.storyboard */,
				2F6E8CCE1F50C0DB008A9B5F /* Assets.xcassets */,
				2F6E8CFF1F50C3F2008A9B5F /* AppDelegate.swift */,
				2F6E8CD01F50C0DB008A9B5F /* LaunchScreen.storyboard */,
				2F6E8CD31F50C0DB008A9B5F /* Info.plist */,
			);
			path = Petshow_swift;
			sourceTree = "<group>";
		};
		2F6E8CD91F50C2C7008A9B5F /* view.components */ = {
			isa = PBXGroup;
			children = (
				2F6E8D1B1F56099A008A9B5F /* MenuBar.swift */,
				2F42CA501F6734AC00163B44 /* PickerViewTipoAnimal.swift */,
				2F42CA521F674D5C00163B44 /* PickerViewRaca.swift */,
				2F42CA581F6880BB00163B44 /* DatePickerData.swift */,
				2F4B08151F6D044900AEC263 /* PickerViewVacina.swift */,
				2F75856B1F70E91C0047AEF8 /* PickerFrequenciaTratamento.swift */,
				2F7585741F744AC30047AEF8 /* PickerFrequenciaVermifugacao.swift */,
				2F7585781F76250E0047AEF8 /* TableViewVacina.swift */,
				2F75857A1F7736270047AEF8 /* ActivityIndicadorViewPet.swift */,
				2F49D1381F7A027F00995B13 /* PickerImageView.swift */,
				2F584CE71F7BE782008B68A3 /* PickerPorteAnimal.swift */,
				2F584CE91F7BEA9B008B68A3 /* PickerFaseVida.swift */,
				2F584CEB1F7BEC1E008B68A3 /* PickerCor.swift */,
				2F584CED1F7C1297008B68A3 /* TextFieldSearch.swift */,
				2F584CEF1F7C37F8008B68A3 /* TextFieldDateBr.swift */,
				2F184E191F7C9A2C00E930D0 /* PickerSexo.swift */,
			);
			name = view.components;
			sourceTree = "<group>";
		};
		2F6E8CDE1F50C330008A9B5F /* util */ = {
			isa = PBXGroup;
			children = (
				2F6E8CE21F50C361008A9B5F /* UtilParameters.swift */,
				2F6E8CE31F50C361008A9B5F /* FacebookUtil.swift */,
				2F6E8CE41F50C361008A9B5F /* UIColorUtil.swift */,
				2F6E8CE51F50C361008A9B5F /* ParametrosUtil.swift */,
				2F6E8CE61F50C361008A9B5F /* ImageUtil.swift */,
				2F42CA5A1F688DAA00163B44 /* DateUtil.swift */,
				2F42CA7A1F689F4D00163B44 /* GaleriaUtil.swift */,
				2F4B08131F6B947B00AEC263 /* EnumUtil.swift */,
				2F7585721F7387CB0047AEF8 /* ComponentsUtil.swift */,
				2F75857C1F7773090047AEF8 /* JsonUtil.swift */,
				2F75857E1F7871E60047AEF8 /* ValidationUtil.swift */,
				2F0805F71F78CE8800A767FA /* CastingUtil.swift */,
			);
			name = util;
			sourceTree = "<group>";
		};
		2F6E8CDF1F50C338008A9B5F /* enum */ = {
			isa = PBXGroup;
			children = (
				2F184E1E1F7C9AB200E930D0 /* auxiliar */,
				2F6E8CEC1F50C371008A9B5F /* EnumTipoUser.swift */,
				2F6E8CED1F50C371008A9B5F /* EnumFlTpEstabelecimento.swift */,
				2F6E8CEE1F50C371008A9B5F /* EnumErrosSistema.swift */,
				2F6E8D1F1F560C9B008A9B5F /* EnumFrequenciaVermifugacao.swift */,
				2F6E8D211F560D43008A9B5F /* EnumTipoAnimal.swift */,
				2F326B511F5F5C7000D792B6 /* EnumPorteAnimal.swift */,
				2F326B531F5F5C9F00D792B6 /* EnumFaseVida.swift */,
				2F326B5D1F5F705A00D792B6 /* EnumCor.swift */,
				2F4B08031F6AF56300AEC263 /* EnumVacina.swift */,
				2F4B080B1F6B08D500AEC263 /* EnumFrequenciaTratamento.swift */,
				2F7585701F7378E90047AEF8 /* EnumError.swift */,
			);
			name = enum;
			sourceTree = "<group>";
		};
		2F6E8CE01F50C33E008A9B5F /* model */ = {
			isa = PBXGroup;
			children = (
				2F6E8CF21F50C37B008A9B5F /* Usuario.swift */,
				2F6E8CF31F50C37B008A9B5F /* Entidade.swift */,
				2F6E8CF41F50C37B008A9B5F /* MapErrorRetornoRest.swift */,
				2F6E8D1D1F560A15008A9B5F /* Animal.swift */,
				2F7DE4DC1F5DF4C9007829FD /* Adocao.swift */,
				2F326B551F5F5DA600D792B6 /* Estado.swift */,
				2F326B571F5F612600D792B6 /* Cidade.swift */,
				2F326B591F5F616C00D792B6 /* Bairro.swift */,
				2F326B5B1F5F64BE00D792B6 /* Perdido.swift */,
				2F326B5F1F5F714500D792B6 /* Racas.swift */,
				2F4B08011F6AF45A00AEC263 /* Vacina.swift */,
				2F4B08071F6B032C00AEC263 /* Vermifugo.swift */,
				2F4B08091F6B07CC00AEC263 /* Tratamento.swift */,
				2F7585691F707E9A0047AEF8 /* Tutor.swift */,
			);
			name = model;
			sourceTree = "<group>";
		};
		2F6E8CE11F50C343008A9B5F /* rest */ = {
			isa = PBXGroup;
			children = (
				2F6E8CF81F50C389008A9B5F /* CallBackRest.swift */,
				2F6E8CF91F50C389008A9B5F /* CallRest.swift */,
			);
			name = rest;
			sourceTree = "<group>";
		};
		2F6E8D081F548015008A9B5F /* Frameworks */ = {
			isa = PBXGroup;
			children = (
				2F6E8D131F548157008A9B5F /* FacebookLogin.framework */,
				2F6E8D111F54814E008A9B5F /* FacebookCore.framework */,
				2F6E8D0F1F548062008A9B5F /* SwiftyJSON.framework */,
				2F6E8D091F548015008A9B5F /* FBSDKCoreKit.framework */,
				2F6E8D0A1F548015008A9B5F /* FBSDKLoginKit.framework */,
				2F6E8D0B1F548015008A9B5F /* FBSDKShareKit.framework */,
				1CB16C9AE6972C0EDEC89C3E /* Pods_Petshow_swift.framework */,
			);
			name = Frameworks;
			sourceTree = "<group>";
		};
		2F820EB51F59BEA3004EEC63 /* view.cell */ = {
			isa = PBXGroup;
			children = (
				2F820EB61F59BEBE004EEC63 /* CellAnimalLista.swift */,
				2F42CABB1F69D3D100163B44 /* CellMenuEdtAnimal.swift */,
				2F42CABD1F69DCA000163B44 /* CellMenuEdAnimal.swift */,
				2F4B080D1F6B34AB00AEC263 /* CellVacinaLista.swift */,
				2F4B080F1F6B47EC00AEC263 /* CellTratamentoLista.swift */,
				2F584CDB1F7AF7EF008B68A3 /* CellAnimalListaController.swift */,
			);
			name = view.cell;
			sourceTree = "<group>";
		};
		2F820EB81F59C6FA004EEC63 /* Controller */ = {
			isa = PBXGroup;
			children = (
				2F42CAB81F69D25000163B44 /* menu */,
				2F6E8D021F50C3F2008A9B5F /* MenuController.swift */,
				2F6E8D011F50C3F2008A9B5F /* CustomTabBarController.swift */,
				2F6E8D001F50C3F2008A9B5F /* HomeController.swift */,
				2F6E8CFE1F50C3F2008A9B5F /* ViewController.swift */,
				2F4B07F71F6A4A9800AEC263 /* EdtAnimalController.swift */,
				2F4B07F91F6AEDBF00AEC263 /* VacinaListaController.swift */,
				2F4B07FD1F6AEED800AEC263 /* TratamentoListaController.swift */,
				2F4B07FF1F6AF38000AEC263 /* EdtVacinaController.swift */,
				2F4B08111F6B4B4D00AEC263 /* EdtTratamentoController.swift */,
				2F7585761F744C140047AEF8 /* EdtVermifugoController.swift */,
				2F584CE11F7B2EED008B68A3 /* EdtPerdidoController.swift */,
				2F584CE31F7B2F08008B68A3 /* EdtAdocaoController.swift */,
				2F584CE51F7B3C4F008B68A3 /* TesteMaps.swift */,
				2F184E171F7C8DD300E930D0 /* AnimalListaController.swift */,
			);
			name = Controller;
			sourceTree = "<group>";
		};
		64D4C55E06EA07DE7E992172 /* Pods */ = {
			isa = PBXGroup;
			children = (
				00A19EAED29F0317BDD950C9 /* Pods-Petshow_swift.debug.xcconfig */,
				CB1AE71A82C3BD02FFE0DFE5 /* Pods-Petshow_swift.release.xcconfig */,
			);
			name = Pods;
			sourceTree = "<group>";
		};
/* End PBXGroup section */

/* Begin PBXNativeTarget section */
		2F6E8CC31F50C0DB008A9B5F /* Petshow_swift */ = {
			isa = PBXNativeTarget;
			buildConfigurationList = 2F6E8CD61F50C0DB008A9B5F /* Build configuration list for PBXNativeTarget "Petshow_swift" */;
			buildPhases = (
				9A7E5B4270F0B8E9BCB1645D /* [CP] Check Pods Manifest.lock */,
				2F6E8CC01F50C0DB008A9B5F /* Sources */,
				2F6E8CC11F50C0DB008A9B5F /* Frameworks */,
				2F6E8CC21F50C0DB008A9B5F /* Resources */,
				C86AC7EFE87399FA3C0DA037 /* [CP] Embed Pods Frameworks */,
				C2BB7370CAD7E08D96074AE6 /* [CP] Copy Pods Resources */,
			);
			buildRules = (
			);
			dependencies = (
			);
			name = Petshow_swift;
			productName = Petshow_swift;
			productReference = 2F6E8CC41F50C0DB008A9B5F /* Petshow_swift.app */;
			productType = "com.apple.product-type.application";
		};
/* End PBXNativeTarget section */

/* Begin PBXProject section */
		2F6E8CBC1F50C0DB008A9B5F /* Project object */ = {
			isa = PBXProject;
			attributes = {
				LastSwiftUpdateCheck = 0830;
				LastUpgradeCheck = 0830;
				ORGANIZATIONNAME = "Bruno Salmito";
				TargetAttributes = {
					2F6E8CC31F50C0DB008A9B5F = {
						CreatedOnToolsVersion = 8.3.3;
						DevelopmentTeam = 83JQ7QYGQ5;
						ProvisioningStyle = Automatic;
					};
				};
			};
			buildConfigurationList = 2F6E8CBF1F50C0DB008A9B5F /* Build configuration list for PBXProject "Petshow_swift" */;
			compatibilityVersion = "Xcode 3.2";
			developmentRegion = English;
			hasScannedForEncodings = 0;
			knownRegions = (
				en,
				Base,
			);
			mainGroup = 2F6E8CBB1F50C0DB008A9B5F;
			productRefGroup = 2F6E8CC51F50C0DB008A9B5F /* Products */;
			projectDirPath = "";
			projectRoot = "";
			targets = (
				2F6E8CC31F50C0DB008A9B5F /* Petshow_swift */,
			);
		};
/* End PBXProject section */

/* Begin PBXResourcesBuildPhase section */
		2F6E8CC21F50C0DB008A9B5F /* Resources */ = {
			isa = PBXResourcesBuildPhase;
			buildActionMask = 2147483647;
			files = (
				2F6E8CD21F50C0DB008A9B5F /* LaunchScreen.storyboard in Resources */,
				2F6E8CCF1F50C0DB008A9B5F /* Assets.xcassets in Resources */,
				2F6E8CFD1F50C3AC008A9B5F /* Main.storyboard in Resources */,
			);
			runOnlyForDeploymentPostprocessing = 0;
		};
/* End PBXResourcesBuildPhase section */

/* Begin PBXShellScriptBuildPhase section */
		9A7E5B4270F0B8E9BCB1645D /* [CP] Check Pods Manifest.lock */ = {
			isa = PBXShellScriptBuildPhase;
			buildActionMask = 2147483647;
			files = (
			);
			inputPaths = (
			);
			name = "[CP] Check Pods Manifest.lock";
			outputPaths = (
			);
			runOnlyForDeploymentPostprocessing = 0;
			shellPath = /bin/sh;
			shellScript = "diff \"${PODS_PODFILE_DIR_PATH}/Podfile.lock\" \"${PODS_ROOT}/Manifest.lock\" > /dev/null\nif [ $? != 0 ] ; then\n    # print error to STDERR\n    echo \"error: The sandbox is not in sync with the Podfile.lock. Run 'pod install' or update your CocoaPods installation.\" >&2\n    exit 1\nfi\n";
			showEnvVarsInLog = 0;
		};
		C2BB7370CAD7E08D96074AE6 /* [CP] Copy Pods Resources */ = {
			isa = PBXShellScriptBuildPhase;
			buildActionMask = 2147483647;
			files = (
			);
			inputPaths = (
			);
			name = "[CP] Copy Pods Resources";
			outputPaths = (
			);
			runOnlyForDeploymentPostprocessing = 0;
			shellPath = /bin/sh;
			shellScript = "\"${SRCROOT}/Pods/Target Support Files/Pods-Petshow_swift/Pods-Petshow_swift-resources.sh\"\n";
			showEnvVarsInLog = 0;
		};
		C86AC7EFE87399FA3C0DA037 /* [CP] Embed Pods Frameworks */ = {
			isa = PBXShellScriptBuildPhase;
			buildActionMask = 2147483647;
			files = (
			);
			inputPaths = (
			);
			name = "[CP] Embed Pods Frameworks";
			outputPaths = (
			);
			runOnlyForDeploymentPostprocessing = 0;
			shellPath = /bin/sh;
			shellScript = "\"${SRCROOT}/Pods/Target Support Files/Pods-Petshow_swift/Pods-Petshow_swift-frameworks.sh\"\n";
			showEnvVarsInLog = 0;
		};
/* End PBXShellScriptBuildPhase section */

/* Begin PBXSourcesBuildPhase section */
		2F6E8CC01F50C0DB008A9B5F /* Sources */ = {
			isa = PBXSourcesBuildPhase;
			buildActionMask = 2147483647;
			files = (
				2F326B541F5F5C9F00D792B6 /* EnumFaseVida.swift in Sources */,
				2F326B5E1F5F705A00D792B6 /* EnumCor.swift in Sources */,
				2F6E8D031F50C3F2008A9B5F /* ViewController.swift in Sources */,
				2F42CA5B1F688DAA00163B44 /* DateUtil.swift in Sources */,
				2F4B08141F6B947B00AEC263 /* EnumUtil.swift in Sources */,
				2F4B080C1F6B08D500AEC263 /* EnumFrequenciaTratamento.swift in Sources */,
				2F4B07FA1F6AEDBF00AEC263 /* VacinaListaController.swift in Sources */,
				2F184E201F7C9AC500E930D0 /* EnumSexo.swift in Sources */,
				2F75856A1F707E9A0047AEF8 /* Tutor.swift in Sources */,
				2F6E8CF61F50C37B008A9B5F /* Entidade.swift in Sources */,
				2F6E8CF11F50C371008A9B5F /* EnumErrosSistema.swift in Sources */,
				2F584CE81F7BE782008B68A3 /* PickerPorteAnimal.swift in Sources */,
				2F6E8CE81F50C361008A9B5F /* FacebookUtil.swift in Sources */,
				2F42CABE1F69DCA000163B44 /* CellMenuEdAnimal.swift in Sources */,
				2F49D1391F7A027F00995B13 /* PickerImageView.swift in Sources */,
				2F326B5C1F5F64BE00D792B6 /* Perdido.swift in Sources */,
				2F4B08161F6D044900AEC263 /* PickerViewVacina.swift in Sources */,
				2F42CABA1F69D26700163B44 /* MenuEdtAnimalController.swift in Sources */,
				2F6E8D071F50C3F2008A9B5F /* MenuController.swift in Sources */,
				2F6E8CFB1F50C389008A9B5F /* CallRest.swift in Sources */,
				2F6E8D1C1F56099A008A9B5F /* MenuBar.swift in Sources */,
				2F4B07FE1F6AEED800AEC263 /* TratamentoListaController.swift in Sources */,
				2F584CE21F7B2EED008B68A3 /* EdtPerdidoController.swift in Sources */,
				2F42CA7B1F689F4D00163B44 /* GaleriaUtil.swift in Sources */,
				2F7585751F744AC30047AEF8 /* PickerFrequenciaVermifugacao.swift in Sources */,
				2F326B581F5F612600D792B6 /* Cidade.swift in Sources */,
				2F75857B1F7736270047AEF8 /* ActivityIndicadorViewPet.swift in Sources */,
				2F6E8CEA1F50C361008A9B5F /* ParametrosUtil.swift in Sources */,
				2F584CEE1F7C1297008B68A3 /* TextFieldSearch.swift in Sources */,
				2F6E8CEB1F50C361008A9B5F /* ImageUtil.swift in Sources */,
				2F6E8CFA1F50C389008A9B5F /* CallBackRest.swift in Sources */,
				2F6E8D061F50C3F2008A9B5F /* CustomTabBarController.swift in Sources */,
				2F0805F81F78CE8800A767FA /* CastingUtil.swift in Sources */,
				2F4B080A1F6B07CC00AEC263 /* Tratamento.swift in Sources */,
				2F584CEA1F7BEA9B008B68A3 /* PickerFaseVida.swift in Sources */,
				2F6E8D051F50C3F2008A9B5F /* HomeController.swift in Sources */,
				2F184E181F7C8DD300E930D0 /* AnimalListaController.swift in Sources */,
				2F6E8D041F50C3F2008A9B5F /* AppDelegate.swift in Sources */,
				2F6E8CE71F50C361008A9B5F /* UtilParameters.swift in Sources */,
				2F326B521F5F5C7000D792B6 /* EnumPorteAnimal.swift in Sources */,
				2F6E8D201F560C9B008A9B5F /* EnumFrequenciaVermifugacao.swift in Sources */,
				2F42CABC1F69D3D100163B44 /* CellMenuEdtAnimal.swift in Sources */,
				2F7585731F7387CB0047AEF8 /* ComponentsUtil.swift in Sources */,
				2F6E8D1E1F560A15008A9B5F /* Animal.swift in Sources */,
				2F326B5A1F5F616C00D792B6 /* Bairro.swift in Sources */,
				2F42CA591F6880BB00163B44 /* DatePickerData.swift in Sources */,
				2F584CDC1F7AF7EF008B68A3 /* CellAnimalListaController.swift in Sources */,
				2F42CA531F674D5C00163B44 /* PickerViewRaca.swift in Sources */,
				2F4B07F81F6A4A9800AEC263 /* EdtAnimalController.swift in Sources */,
				2F4B08041F6AF56300AEC263 /* EnumVacina.swift in Sources */,
				2F584CF01F7C37F8008B68A3 /* TextFieldDateBr.swift in Sources */,
				2F6E8CF51F50C37B008A9B5F /* Usuario.swift in Sources */,
				2F6E8CF01F50C371008A9B5F /* EnumFlTpEstabelecimento.swift in Sources */,
				2F42CA511F6734AC00163B44 /* PickerViewTipoAnimal.swift in Sources */,
				2F584CEC1F7BEC1E008B68A3 /* PickerCor.swift in Sources */,
				2F584CE61F7B3C4F008B68A3 /* TesteMaps.swift in Sources */,
				2F75857F1F7871E60047AEF8 /* ValidationUtil.swift in Sources */,
				2F75856C1F70E91C0047AEF8 /* PickerFrequenciaTratamento.swift in Sources */,
				2F4B08001F6AF38000AEC263 /* EdtVacinaController.swift in Sources */,
				2F7585771F744C140047AEF8 /* EdtVermifugoController.swift in Sources */,
				2F7DE4DD1F5DF4C9007829FD /* Adocao.swift in Sources */,
				2F6E8CEF1F50C371008A9B5F /* EnumTipoUser.swift in Sources */,
				2F326B561F5F5DA600D792B6 /* Estado.swift in Sources */,
				2F4B08021F6AF45A00AEC263 /* Vacina.swift in Sources */,
				2F184E1A1F7C9A2C00E930D0 /* PickerSexo.swift in Sources */,
				2F4B08121F6B4B4D00AEC263 /* EdtTratamentoController.swift in Sources */,
				2F4B08081F6B032C00AEC263 /* Vermifugo.swift in Sources */,
				2F6E8D221F560D43008A9B5F /* EnumTipoAnimal.swift in Sources */,
				2F6E8CE91F50C361008A9B5F /* UIColorUtil.swift in Sources */,
				2F326B601F5F714500D792B6 /* Racas.swift in Sources */,
				2F4B08101F6B47EC00AEC263 /* CellTratamentoLista.swift in Sources */,
				2F4B080E1F6B34AB00AEC263 /* CellVacinaLista.swift in Sources */,
				2F7585711F7378EA0047AEF8 /* EnumError.swift in Sources */,
				2F6E8CF71F50C37B008A9B5F /* MapErrorRetornoRest.swift in Sources */,
				2F584CE41F7B2F08008B68A3 /* EdtAdocaoController.swift in Sources */,
				2F7585791F76250E0047AEF8 /* TableViewVacina.swift in Sources */,
				2F820EB71F59BEBE004EEC63 /* CellAnimalLista.swift in Sources */,
				2F75857D1F7773090047AEF8 /* JsonUtil.swift in Sources */,
			);
			runOnlyForDeploymentPostprocessing = 0;
		};
/* End PBXSourcesBuildPhase section */

/* Begin PBXVariantGroup section */
		2F6E8CD01F50C0DB008A9B5F /* LaunchScreen.storyboard */ = {
			isa = PBXVariantGroup;
			children = (
				2F6E8CD11F50C0DB008A9B5F /* Base */,
			);
			name = LaunchScreen.storyboard;
			sourceTree = "<group>";
		};
/* End PBXVariantGroup section */

/* Begin XCBuildConfiguration section */
		2F6E8CD41F50C0DB008A9B5F /* Debug */ = {
			isa = XCBuildConfiguration;
			buildSettings = {
				ALWAYS_SEARCH_USER_PATHS = NO;
				CLANG_ANALYZER_NONNULL = YES;
				CLANG_ANALYZER_NUMBER_OBJECT_CONVERSION = YES_AGGRESSIVE;
				CLANG_CXX_LANGUAGE_STANDARD = "gnu++0x";
				CLANG_CXX_LIBRARY = "libc++";
				CLANG_ENABLE_MODULES = YES;
				CLANG_ENABLE_OBJC_ARC = YES;
				CLANG_WARN_BOOL_CONVERSION = YES;
				CLANG_WARN_CONSTANT_CONVERSION = YES;
				CLANG_WARN_DIRECT_OBJC_ISA_USAGE = YES_ERROR;
				CLANG_WARN_DOCUMENTATION_COMMENTS = YES;
				CLANG_WARN_EMPTY_BODY = YES;
				CLANG_WARN_ENUM_CONVERSION = YES;
				CLANG_WARN_INFINITE_RECURSION = YES;
				CLANG_WARN_INT_CONVERSION = YES;
				CLANG_WARN_OBJC_ROOT_CLASS = YES_ERROR;
				CLANG_WARN_SUSPICIOUS_MOVE = YES;
				CLANG_WARN_UNREACHABLE_CODE = YES;
				CLANG_WARN__DUPLICATE_METHOD_MATCH = YES;
				"CODE_SIGN_IDENTITY[sdk=iphoneos*]" = "iPhone Developer";
				COPY_PHASE_STRIP = NO;
				DEBUG_INFORMATION_FORMAT = dwarf;
				ENABLE_STRICT_OBJC_MSGSEND = YES;
				ENABLE_TESTABILITY = YES;
				GCC_C_LANGUAGE_STANDARD = gnu99;
				GCC_DYNAMIC_NO_PIC = NO;
				GCC_NO_COMMON_BLOCKS = YES;
				GCC_OPTIMIZATION_LEVEL = 0;
				GCC_PREPROCESSOR_DEFINITIONS = (
					"DEBUG=1",
					"$(inherited)",
				);
				GCC_WARN_64_TO_32_BIT_CONVERSION = YES;
				GCC_WARN_ABOUT_RETURN_TYPE = YES_ERROR;
				GCC_WARN_UNDECLARED_SELECTOR = YES;
				GCC_WARN_UNINITIALIZED_AUTOS = YES_AGGRESSIVE;
				GCC_WARN_UNUSED_FUNCTION = YES;
				GCC_WARN_UNUSED_VARIABLE = YES;
				IPHONEOS_DEPLOYMENT_TARGET = 10.3;
				MTL_ENABLE_DEBUG_INFO = YES;
				ONLY_ACTIVE_ARCH = YES;
				SDKROOT = iphoneos;
				SWIFT_ACTIVE_COMPILATION_CONDITIONS = DEBUG;
				SWIFT_OPTIMIZATION_LEVEL = "-Onone";
			};
			name = Debug;
		};
		2F6E8CD51F50C0DB008A9B5F /* Release */ = {
			isa = XCBuildConfiguration;
			buildSettings = {
				ALWAYS_SEARCH_USER_PATHS = NO;
				CLANG_ANALYZER_NONNULL = YES;
				CLANG_ANALYZER_NUMBER_OBJECT_CONVERSION = YES_AGGRESSIVE;
				CLANG_CXX_LANGUAGE_STANDARD = "gnu++0x";
				CLANG_CXX_LIBRARY = "libc++";
				CLANG_ENABLE_MODULES = YES;
				CLANG_ENABLE_OBJC_ARC = YES;
				CLANG_WARN_BOOL_CONVERSION = YES;
				CLANG_WARN_CONSTANT_CONVERSION = YES;
				CLANG_WARN_DIRECT_OBJC_ISA_USAGE = YES_ERROR;
				CLANG_WARN_DOCUMENTATION_COMMENTS = YES;
				CLANG_WARN_EMPTY_BODY = YES;
				CLANG_WARN_ENUM_CONVERSION = YES;
				CLANG_WARN_INFINITE_RECURSION = YES;
				CLANG_WARN_INT_CONVERSION = YES;
				CLANG_WARN_OBJC_ROOT_CLASS = YES_ERROR;
				CLANG_WARN_SUSPICIOUS_MOVE = YES;
				CLANG_WARN_UNREACHABLE_CODE = YES;
				CLANG_WARN__DUPLICATE_METHOD_MATCH = YES;
				"CODE_SIGN_IDENTITY[sdk=iphoneos*]" = "iPhone Developer";
				COPY_PHASE_STRIP = NO;
				DEBUG_INFORMATION_FORMAT = "dwarf-with-dsym";
				ENABLE_NS_ASSERTIONS = NO;
				ENABLE_STRICT_OBJC_MSGSEND = YES;
				GCC_C_LANGUAGE_STANDARD = gnu99;
				GCC_NO_COMMON_BLOCKS = YES;
				GCC_WARN_64_TO_32_BIT_CONVERSION = YES;
				GCC_WARN_ABOUT_RETURN_TYPE = YES_ERROR;
				GCC_WARN_UNDECLARED_SELECTOR = YES;
				GCC_WARN_UNINITIALIZED_AUTOS = YES_AGGRESSIVE;
				GCC_WARN_UNUSED_FUNCTION = YES;
				GCC_WARN_UNUSED_VARIABLE = YES;
				IPHONEOS_DEPLOYMENT_TARGET = 10.3;
				MTL_ENABLE_DEBUG_INFO = NO;
				SDKROOT = iphoneos;
				SWIFT_OPTIMIZATION_LEVEL = "-Owholemodule";
				VALIDATE_PRODUCT = YES;
			};
			name = Release;
		};
		2F6E8CD71F50C0DB008A9B5F /* Debug */ = {
			isa = XCBuildConfiguration;
			baseConfigurationReference = 00A19EAED29F0317BDD950C9 /* Pods-Petshow_swift.debug.xcconfig */;
			buildSettings = {
				ASSETCATALOG_COMPILER_APPICON_NAME = AppIcon;
				DEVELOPMENT_TEAM = 83JQ7QYGQ5;
				INFOPLIST_FILE = Petshow_swift/Info.plist;
				LD_RUNPATH_SEARCH_PATHS = "$(inherited) @executable_path/Frameworks";
				PRODUCT_BUNDLE_IDENTIFIER = "Code.Petshow-swift";
				PRODUCT_NAME = "$(TARGET_NAME)";
				SWIFT_VERSION = 3.0;
			};
			name = Debug;
		};
		2F6E8CD81F50C0DB008A9B5F /* Release */ = {
			isa = XCBuildConfiguration;
			baseConfigurationReference = CB1AE71A82C3BD02FFE0DFE5 /* Pods-Petshow_swift.release.xcconfig */;
			buildSettings = {
				ASSETCATALOG_COMPILER_APPICON_NAME = AppIcon;
				DEVELOPMENT_TEAM = 83JQ7QYGQ5;
				INFOPLIST_FILE = Petshow_swift/Info.plist;
				LD_RUNPATH_SEARCH_PATHS = "$(inherited) @executable_path/Frameworks";
				PRODUCT_BUNDLE_IDENTIFIER = "Code.Petshow-swift";
				PRODUCT_NAME = "$(TARGET_NAME)";
				SWIFT_VERSION = 3.0;
			};
			name = Release;
		};
/* End XCBuildConfiguration section */

/* Begin XCConfigurationList section */
		2F6E8CBF1F50C0DB008A9B5F /* Build configuration list for PBXProject "Petshow_swift" */ = {
			isa = XCConfigurationList;
			buildConfigurations = (
				2F6E8CD41F50C0DB008A9B5F /* Debug */,
				2F6E8CD51F50C0DB008A9B5F /* Release */,
			);
			defaultConfigurationIsVisible = 0;
			defaultConfigurationName = Release;
		};
		2F6E8CD61F50C0DB008A9B5F /* Build configuration list for PBXNativeTarget "Petshow_swift" */ = {
			isa = XCConfigurationList;
			buildConfigurations = (
				2F6E8CD71F50C0DB008A9B5F /* Debug */,
				2F6E8CD81F50C0DB008A9B5F /* Release */,
			);
			defaultConfigurationIsVisible = 0;
			defaultConfigurationName = Release;
		};
/* End XCConfigurationList section */
	};
	rootObject = 2F6E8CBC1F50C0DB008A9B5F /* Project object */;
}
